
Microsoft Visual Studio Solution File, Format Version 12.00
# Visual Studio Version 17
VisualStudioVersion = 17.8.34330.188
MinimumVisualStudioVersion = 10.0.40219.1
Project("{FAE04EC0-301F-11D3-BF4B-00C04F79EFBC}") = "crud11", "crud11\crud11.csproj", "{723C2F0E-B1F6-4F63-8CDE-5645E529A54E}"
EndProject
Project("{9A19103F-16F7-4668-BE54-9A1E7A4F7556}") = "crud11Core", "crud11Core\crud11Core.csproj", "{7A0EF08B-CEDF-4EBF-B0A2-4D3218AFF0CA}"
EndProject
Global
	GlobalSection(SolutionConfigurationPlatforms) = preSolution
		Debug|Any CPU = Debug|Any CPU
		Release|Any CPU = Release|Any CPU
	EndGlobalSection
	GlobalSection(ProjectConfigurationPlatforms) = postSolution
		{723C2F0E-B1F6-4F63-8CDE-5645E529A54E}.Debug|Any CPU.ActiveCfg = Debug|Any CPU
		{723C2F0E-B1F6-4F63-8CDE-5645E529A54E}.Debug|Any CPU.Build.0 = Debug|Any CPU
		{723C2F0E-B1F6-4F63-8CDE-5645E529A54E}.Release|Any CPU.ActiveCfg = Release|Any CPU
		{723C2F0E-B1F6-4F63-8CDE-5645E529A54E}.Release|Any CPU.Build.0 = Release|Any CPU
		{7A0EF08B-CEDF-4EBF-B0A2-4D3218AFF0CA}.Debug|Any CPU.ActiveCfg = Debug|Any CPU
		{7A0EF08B-CEDF-4EBF-B0A2-4D3218AFF0CA}.Debug|Any CPU.Build.0 = Debug|Any CPU
		{7A0EF08B-CEDF-4EBF-B0A2-4D3218AFF0CA}.Release|Any CPU.ActiveCfg = Release|Any CPU
		{7A0EF08B-CEDF-4EBF-B0A2-4D3218AFF0CA}.Release|Any CPU.Build.0 = Release|Any CPU
	EndGlobalSection
	GlobalSection(SolutionProperties) = preSolution
		HideSolutionNode = FALSE
	EndGlobalSection
	GlobalSection(ExtensibilityGlobals) = postSolution
		SolutionGuid = {96D1091D-EF57-4A22-BDE6-D320C7D5A1F2}
	EndGlobalSection
EndGlobal
