
Microsoft Visual Studio Solution File, Format Version 12.00
# Visual Studio Version 17
VisualStudioVersion = 17.7.34221.43
MinimumVisualStudioVersion = 10.0.40219.1
Project("{9A19103F-16F7-4668-BE54-9A1E7A4F7556}") = "AspWeb.WebSite", "AspWeb.WebSite\AspWeb.WebSite.csproj", "{996FA3CA-6DF8-4E8B-9E55-369E31DD4E7C}"
EndProject
Global
	GlobalSection(SolutionConfigurationPlatforms) = preSolution
		Debug|Any CPU = Debug|Any CPU
		Release|Any CPU = Release|Any CPU
	EndGlobalSection
	GlobalSection(ProjectConfigurationPlatforms) = postSolution
		{996FA3CA-6DF8-4E8B-9E55-369E31DD4E7C}.Debug|Any CPU.ActiveCfg = Debug|Any CPU
		{996FA3CA-6DF8-4E8B-9E55-369E31DD4E7C}.Debug|Any CPU.Build.0 = Debug|Any CPU
		{996FA3CA-6DF8-4E8B-9E55-369E31DD4E7C}.Release|Any CPU.ActiveCfg = Release|Any CPU
		{996FA3CA-6DF8-4E8B-9E55-369E31DD4E7C}.Release|Any CPU.Build.0 = Release|Any CPU
	EndGlobalSection
	GlobalSection(SolutionProperties) = preSolution
		HideSolutionNode = FALSE
	EndGlobalSection
	GlobalSection(ExtensibilityGlobals) = postSolution
		SolutionGuid = {24513119-2581-4253-9F9B-1A5C523526DB}
	EndGlobalSection
EndGlobal
